// !$*UTF8*$!
{
	archiveVersion = 1;
	classes = {
	};
	objectVersion = 50;
	objects = {

/* Begin PBXBuildFile section */
		C862E18C23B1EF7600F8560F /* AppDelegate.m in Sources */ = {isa = PBXBuildFile; fileRef = C862E18B23B1EF7600F8560F /* AppDelegate.m */; };
		C862E18F23B1EF7600F8560F /* ViewController.m in Sources */ = {isa = PBXBuildFile; fileRef = C862E18E23B1EF7600F8560F /* ViewController.m */; };
		C862E19223B1EF7600F8560F /* Main.storyboard in Resources */ = {isa = PBXBuildFile; fileRef = C862E19023B1EF7600F8560F /* Main.storyboard */; };
		C862E19423B1EF8400F8560F /* Assets.xcassets in Resources */ = {isa = PBXBuildFile; fileRef = C862E19323B1EF8400F8560F /* Assets.xcassets */; };
		C862E19723B1EF8400F8560F /* LaunchScreen.storyboard in Resources */ = {isa = PBXBuildFile; fileRef = C862E19523B1EF8400F8560F /* LaunchScreen.storyboard */; };
		C862E19A23B1EF8400F8560F /* main.m in Sources */ = {isa = PBXBuildFile; fileRef = C862E19923B1EF8400F8560F /* main.m */; };
		C862E1A223B1F09600F8560F /* Arithmatic.m in Sources */ = {isa = PBXBuildFile; fileRef = C862E1A123B1F09600F8560F /* Arithmatic.m */; };
/* End PBXBuildFile section */

/* Begin PBXFileReference section */
		C862E18723B1EF7600F8560F /* Class&FunctionsMVC.app */ = {isa = PBXFileReference; explicitFileType = wrapper.application; includeInIndex = 0; path = "Class&FunctionsMVC.app"; sourceTree = BUILT_PRODUCTS_DIR; };
		C862E18A23B1EF7600F8560F /* AppDelegate.h */ = {isa = PBXFileReference; lastKnownFileType = sourcecode.c.h; path = AppDelegate.h; sourceTree = "<group>"; };
		C862E18B23B1EF7600F8560F /* AppDelegate.m */ = {isa = PBXFileReference; lastKnownFileType = sourcecode.c.objc; path = AppDelegate.m; sourceTree = "<group>"; };
		C862E18D23B1EF7600F8560F /* ViewController.h */ = {isa = PBXFileReference; lastKnownFileType = sourcecode.c.h; path = ViewController.h; sourceTree = "<group>"; };
		C862E18E23B1EF7600F8560F /* ViewController.m */ = {isa = PBXFileReference; lastKnownFileType = sourcecode.c.objc; path = ViewController.m; sourceTree = "<group>"; };
		C862E19123B1EF7600F8560F /* Base */ = {isa = PBXFileReference; lastKnownFileType = file.storyboard; name = Base; path = Base.lproj/Main.storyboard; sourceTree = "<group>"; };
		C862E19323B1EF8400F8560F /* Assets.xcassets */ = {isa = PBXFileReference; lastKnownFileType = folder.assetcatalog; path = Assets.xcassets; sourceTree = "<group>"; };
		C862E19623B1EF8400F8560F /* Base */ = {isa = PBXFileReference; lastKnownFileType = file.storyboard; name = Base; path = Base.lproj/LaunchScreen.storyboard; sourceTree = "<group>"; };
		C862E19823B1EF8400F8560F /* Info.plist */ = {isa = PBXFileReference; lastKnownFileType = text.plist.xml; path = Info.plist; sourceTree = "<group>"; };
		C862E19923B1EF8400F8560F /* main.m */ = {isa = PBXFileReference; lastKnownFileType = sourcecode.c.objc; path = main.m; sourceTree = "<group>"; };
		C862E1A023B1F09600F8560F /* Arithmatic.h */ = {isa = PBXFileReference; lastKnownFileType = sourcecode.c.h; path = Arithmatic.h; sourceTree = "<group>"; };
		C862E1A123B1F09600F8560F /* Arithmatic.m */ = {isa = PBXFileReference; lastKnownFileType = sourcecode.c.objc; path = Arithmatic.m; sourceTree = "<group>"; };
/* End PBXFileReference section */

/* Begin PBXFrameworksBuildPhase section */
		C862E18423B1EF7600F8560F /* Frameworks */ = {
			isa = PBXFrameworksBuildPhase;
			buildActionMask = 2147483647;
			files = (
			);
			runOnlyForDeploymentPostprocessing = 0;
		};
/* End PBXFrameworksBuildPhase section */

/* Begin PBXGroup section */
		C862E17E23B1EF7600F8560F = {
			isa = PBXGroup;
			children = (
				C862E18923B1EF7600F8560F /* Class&FunctionsMVC */,
				C862E18823B1EF7600F8560F /* Products */,
			);
			sourceTree = "<group>";
		};
		C862E18823B1EF7600F8560F /* Products */ = {
			isa = PBXGroup;
			children = (
				C862E18723B1EF7600F8560F /* Class&FunctionsMVC.app */,
			);
			name = Products;
			sourceTree = "<group>";
		};
		C862E18923B1EF7600F8560F /* Class&FunctionsMVC */ = {
			isa = PBXGroup;
			children = (
				C862E18A23B1EF7600F8560F /* AppDelegate.h */,
				C862E18B23B1EF7600F8560F /* AppDelegate.m */,
				C862E18D23B1EF7600F8560F /* ViewController.h */,
				C862E18E23B1EF7600F8560F /* ViewController.m */,
				C862E19023B1EF7600F8560F /* Main.storyboard */,
				C862E19323B1EF8400F8560F /* Assets.xcassets */,
				C862E19523B1EF8400F8560F /* LaunchScreen.storyboard */,
				C862E1A023B1F09600F8560F /* Arithmatic.h */,
				C862E1A123B1F09600F8560F /* Arithmatic.m */,
				C862E19823B1EF8400F8560F /* Info.plist */,
				C862E19923B1EF8400F8560F /* main.m */,
			);
			path = "Class&FunctionsMVC";
			sourceTree = "<group>";
		};
/* End PBXGroup section */

/* Begin PBXNativeTarget section */
		C862E18623B1EF7600F8560F /* Class&FunctionsMVC */ = {
			isa = PBXNativeTarget;
			buildConfigurationList = C862E19D23B1EF8400F8560F /* Build configuration list for PBXNativeTarget "Class&FunctionsMVC" */;
			buildPhases = (
				C862E18323B1EF7600F8560F /* Sources */,
				C862E18423B1EF7600F8560F /* Frameworks */,
				C862E18523B1EF7600F8560F /* Resources */,
			);
			buildRules = (
			);
			dependencies = (
			);
			name = "Class&FunctionsMVC";
			productName = "Class&FunctionsMVC";
			productReference = C862E18723B1EF7600F8560F /* Class&FunctionsMVC.app */;
			productType = "com.apple.product-type.application";
		};
/* End PBXNativeTarget section */

/* Begin PBXProject section */
		C862E17F23B1EF7600F8560F /* Project object */ = {
			isa = PBXProject;
			attributes = {
				LastUpgradeCheck = 1010;
				ORGANIZATIONNAME = Felix;
				TargetAttributes = {
					C862E18623B1EF7600F8560F = {
						CreatedOnToolsVersion = 10.1;
					};
				};
			};
			buildConfigurationList = C862E18223B1EF7600F8560F /* Build configuration list for PBXProject "Class&FunctionsMVC" */;
			compatibilityVersion = "Xcode 9.3";
			developmentRegion = en;
			hasScannedForEncodings = 0;
			knownRegions = (
				en,
				Base,
			);
			mainGroup = C862E17E23B1EF7600F8560F;
			productRefGroup = C862E18823B1EF7600F8560F /* Products */;
			projectDirPath = "";
			projectRoot = "";
			targets = (
				C862E18623B1EF7600F8560F /* Class&FunctionsMVC */,
			);
		};
/* End PBXProject section */

/* Begin PBXResourcesBuildPhase section */
		C862E18523B1EF7600F8560F /* Resources */ = {
			isa = PBXResourcesBuildPhase;
			buildActionMask = 2147483647;
			files = (
				C862E19723B1EF8400F8560F /* LaunchScreen.storyboard in Resources */,
				C862E19423B1EF8400F8560F /* Assets.xcassets in Resources */,
				C862E19223B1EF7600F8560F /* Main.storyboard in Resources */,
			);
			runOnlyForDeploymentPostprocessing = 0;
		};
/* End PBXResourcesBuildPhase section */

/* Begin PBXSourcesBuildPhase section */
		C862E18323B1EF7600F8560F /* Sources */ = {
			isa = PBXSourcesBuildPhase;
			buildActionMask = 2147483647;
			files = (
				C862E18F23B1EF7600F8560F /* ViewController.m in Sources */,
				C862E1A223B1F09600F8560F /* Arithmatic.m in Sources */,
				C862E19A23B1EF8400F8560F /* main.m in Sources */,
				C862E18C23B1EF7600F8560F /* AppDelegate.m in Sources */,
			);
			runOnlyForDeploymentPostprocessing = 0;
		};
/* End PBXSourcesBuildPhase section */

/* Begin PBXVariantGroup section */
		C862E19023B1EF7600F8560F /* Main.storyboard */ = {
			isa = PBXVariantGroup;
			children = (
				C862E19123B1EF7600F8560F /* Base */,
			);
			name = Main.storyboard;
			sourceTree = "<group>";
		};
		C862E19523B1EF8400F8560F /* LaunchScreen.storyboard */ = {
			isa = PBXVariantGroup;
			children = (
				C862E19623B1EF8400F8560F /* Base */,
			);
			name = LaunchScreen.storyboard;
			sourceTree = "<group>";
		};
/* End PBXVariantGroup section */

/* Begin XCBuildConfiguration section */
		C862E19B23B1EF8400F8560F /* Debug */ = {
			isa = XCBuildConfiguration;
			buildSettings = {
				ALWAYS_SEARCH_USER_PATHS = NO;
				CLANG_ANALYZER_NONNULL = YES;
				CLANG_ANALYZER_NUMBER_OBJECT_CONVERSION = YES_AGGRESSIVE;
				CLANG_CXX_LANGUAGE_STANDARD = "gnu++14";
				CLANG_CXX_LIBRARY = "libc++";
				CLANG_ENABLE_MODULES = YES;
				CLANG_ENABLE_OBJC_ARC = YES;
				CLANG_ENABLE_OBJC_WEAK = YES;
				CLANG_WARN_BLOCK_CAPTURE_AUTORELEASING = YES;
				CLANG_WARN_BOOL_CONVERSION = YES;
				CLANG_WARN_COMMA = YES;
				CLANG_WARN_CONSTANT_CONVERSION = YES;
				CLANG_WARN_DEPRECATED_OBJC_IMPLEMENTATIONS = YES;
				CLANG_WARN_DIRECT_OBJC_ISA_USAGE = YES_ERROR;
				CLANG_WARN_DOCUMENTATION_COMMENTS = YES;
				CLANG_WARN_EMPTY_BODY = YES;
				CLANG_WARN_ENUM_CONVERSION = YES;
				CLANG_WARN_INFINITE_RECURSION = YES;
				CLANG_WARN_INT_CONVERSION = YES;
				CLANG_WARN_NON_LITERAL_NULL_CONVERSION = YES;
				CLANG_WARN_OBJC_IMPLICIT_RETAIN_SELF = YES;
				CLANG_WARN_OBJC_LITERAL_CONVERSION = YES;
				CLANG_WARN_OBJC_ROOT_CLASS = YES_ERROR;
				CLANG_WARN_RANGE_LOOP_ANALYSIS = YES;
				CLANG_WARN_STRICT_PROTOTYPES = YES;
				CLANG_WARN_SUSPICIOUS_MOVE = YES;
				CLANG_WARN_UNGUARDED_AVAILABILITY = YES_AGGRESSIVE;
				CLANG_WARN_UNREACHABLE_CODE = YES;
				CLANG_WARN__DUPLICATE_METHOD_MATCH = YES;
				CODE_SIGN_IDENTITY = "iPhone Developer";
				COPY_PHASE_STRIP = NO;
				DEBUG_INFORMATION_FORMAT = dwarf;
				ENABLE_STRICT_OBJC_MSGSEND = YES;
				ENABLE_TESTABILITY = YES;
				GCC_C_LANGUAGE_STANDARD = gnu11;
				GCC_DYNAMIC_NO_PIC = NO;
				GCC_NO_COMMON_BLOCKS = YES;
				GCC_OPTIMIZATION_LEVEL = 0;
				GCC_PREPROCESSOR_DEFINITIONS = (
					"DEBUG=1",
					"$(inherited)",
				);
				GCC_WARN_64_TO_32_BIT_CONVERSION = YES;
				GCC_WARN_ABOUT_RETURN_TYPE = YES_ERROR;
				GCC_WARN_UNDECLARED_SELECTOR = YES;
				GCC_WARN_UNINITIALIZED_AUTOS = YES_AGGRESSIVE;
				GCC_WARN_UNUSED_FUNCTION = YES;
				GCC_WARN_UNUSED_VARIABLE = YES;
				IPHONEOS_DEPLOYMENT_TARGET = 12.1;
				MTL_ENABLE_DEBUG_INFO = INCLUDE_SOURCE;
				MTL_FAST_MATH = YES;
				ONLY_ACTIVE_ARCH = YES;
				SDKROOT = iphoneos;
			};
			name = Debug;
		};
		C862E19C23B1EF8400F8560F /* Release */ = {
			isa = XCBuildConfiguration;
			buildSettings = {
				ALWAYS_SEARCH_USER_PATHS = NO;
				CLANG_ANALYZER_NONNULL = YES;
				CLANG_ANALYZER_NUMBER_OBJECT_CONVERSION = YES_AGGRESSIVE;
				CLANG_CXX_LANGUAGE_STANDARD = "gnu++14";
				CLANG_CXX_LIBRARY = "libc++";
				CLANG_ENABLE_MODULES = YES;
				CLANG_ENABLE_OBJC_ARC = YES;
				CLANG_ENABLE_OBJC_WEAK = YES;
				CLANG_WARN_BLOCK_CAPTURE_AUTORELEASING = YES;
				CLANG_WARN_BOOL_CONVERSION = YES;
				CLANG_WARN_COMMA = YES;
				CLANG_WARN_CONSTANT_CONVERSION = YES;
				CLANG_WARN_DEPRECATED_OBJC_IMPLEMENTATIONS = YES;
				CLANG_WARN_DIRECT_OBJC_ISA_USAGE = YES_ERROR;
				CLANG_WARN_DOCUMENTATION_COMMENTS = YES;
				CLANG_WARN_EMPTY_BODY = YES;
				CLANG_WARN_ENUM_CONVERSION = YES;
				CLANG_WARN_INFINITE_RECURSION = YES;
				CLANG_WARN_INT_CONVERSION = YES;
				CLANG_WARN_NON_LITERAL_NULL_CONVERSION = YES;
				CLANG_WARN_OBJC_IMPLICIT_RETAIN_SELF = YES;
				CLANG_WARN_OBJC_LITERAL_CONVERSION = YES;
				CLANG_WARN_OBJC_ROOT_CLASS = YES_ERROR;
				CLANG_WARN_RANGE_LOOP_ANALYSIS = YES;
				CLANG_WARN_STRICT_PROTOTYPES = YES;
				CLANG_WARN_SUSPICIOUS_MOVE = YES;
				CLANG_WARN_UNGUARDED_AVAILABILITY = YES_AGGRESSIVE;
				CLANG_WARN_UNREACHABLE_CODE = YES;
				CLANG_WARN__DUPLICATE_METHOD_MATCH = YES;
				CODE_SIGN_IDENTITY = "iPhone Developer";
				COPY_PHASE_STRIP = NO;
				DEBUG_INFORMATION_FORMAT = "dwarf-with-dsym";
				ENABLE_NS_ASSERTIONS = NO;
				ENABLE_STRICT_OBJC_MSGSEND = YES;
				GCC_C_LANGUAGE_STANDARD = gnu11;
				GCC_NO_COMMON_BLOCKS = YES;
				GCC_WARN_64_TO_32_BIT_CONVERSION = YES;
				GCC_WARN_ABOUT_RETURN_TYPE = YES_ERROR;
				GCC_WARN_UNDECLARED_SELECTOR = YES;
				GCC_WARN_UNINITIALIZED_AUTOS = YES_AGGRESSIVE;
				GCC_WARN_UNUSED_FUNCTION = YES;
				GCC_WARN_UNUSED_VARIABLE = YES;
				IPHONEOS_DEPLOYMENT_TARGET = 12.1;
				MTL_ENABLE_DEBUG_INFO = NO;
				MTL_FAST_MATH = YES;
				SDKROOT = iphoneos;
				VALIDATE_PRODUCT = YES;
			};
			name = Release;
		};
		C862E19E23B1EF8400F8560F /* Debug */ = {
			isa = XCBuildConfiguration;
			buildSettings = {
				ASSETCATALOG_COMPILER_APPICON_NAME = AppIcon;
				CODE_SIGN_STYLE = Automatic;
				INFOPLIST_FILE = "Class&FunctionsMVC/Info.plist";
				IPHONEOS_DEPLOYMENT_TARGET = 12.0;
				LD_RUNPATH_SEARCH_PATHS = (
					"$(inherited)",
					"@executable_path/Frameworks",
				);
				PRODUCT_BUNDLE_IDENTIFIER = "faelix.Class-FunctionsMVC";
				PRODUCT_NAME = "$(TARGET_NAME)";
				TARGETED_DEVICE_FAMILY = "1,2";
			};
			name = Debug;
		};
		C862E19F23B1EF8400F8560F /* Release */ = {
			isa = XCBuildConfiguration;
			buildSettings = {
				ASSETCATALOG_COMPILER_APPICON_NAME = AppIcon;
				CODE_SIGN_STYLE = Automatic;
				INFOPLIST_FILE = "Class&FunctionsMVC/Info.plist";
				IPHONEOS_DEPLOYMENT_TARGET = 12.0;
				LD_RUNPATH_SEARCH_PATHS = (
					"$(inherited)",
					"@executable_path/Frameworks",
				);
				PRODUCT_BUNDLE_IDENTIFIER = "faelix.Class-FunctionsMVC";
				PRODUCT_NAME = "$(TARGET_NAME)";
				TARGETED_DEVICE_FAMILY = "1,2";
			};
			name = Release;
		};
/* End XCBuildConfiguration section */

/* Begin XCConfigurationList section */
		C862E18223B1EF7600F8560F /* Build configuration list for PBXProject "Class&FunctionsMVC" */ = {
			isa = XCConfigurationList;
			buildConfigurations = (
				C862E19B23B1EF8400F8560F /* Debug */,
				C862E19C23B1EF8400F8560F /* Release */,
			);
			defaultConfigurationIsVisible = 0;
			defaultConfigurationName = Release;
		};
		C862E19D23B1EF8400F8560F /* Build configuration list for PBXNativeTarget "Class&FunctionsMVC" */ = {
			isa = XCConfigurationList;
			buildConfigurations = (
				C862E19E23B1EF8400F8560F /* Debug */,
				C862E19F23B1EF8400F8560F /* Release */,
			);
			defaultConfigurationIsVisible = 0;
			defaultConfigurationName = Release;
		};
/* End XCConfigurationList section */
	};
	rootObject = C862E17F23B1EF7600F8560F /* Project object */;
}
